lockfileVersion: '9.0'

settings:
  autoInstallPeers: true
  excludeLinksFromLockfile: false

importers:

  .:
    dependencies:
      '@lichess-org/types':
        specifier: ^2.0.109
        version: 2.0.120
      '@types/node':
        specifier: ~24.10.4
        version: 24.10.11
      chessops:
        specifier: ^0.15.0
        version: 0.15.0
      ms:
        specifier: 3.0.0-canary.202508261828
        version: 3.0.0-canary.202508261828
      openapi-fetch:
        specifier: ^0.17.0
        version: 0.17.0
    devDependencies:
      prettier:
        specifier: 3.8.1
        version: 3.8.1
      typescript:
        specifier: ^5.9.3
        version: 5.9.3

packages:

  '@badrap/result@0.3.1':
    resolution: {integrity: sha512-ECvpsyZYknoRD0peG1K+UkX5llld3TyK1Ot9Cq2epSoWK19nyzpGKVl98sadSmohu5wHNuiDl+Ex9SVdcIjiFg==}
    engines: {node: '>= 22'}

  '@lichess-org/types@2.0.120':
    resolution: {integrity: sha512-8bJzkiRNWRnlOsW6IKBKF6B+IrxFl6EWxDhx3E3omFWadJhE2o6QTzCgMfm3I4tF45wXxE8L2uAaO/MawLzXFQ==}

  '@types/node@24.10.11':
    resolution: {integrity: sha512-/Af7O8r1frCVgOz0I62jWUtMohJ0/ZQU/ZoketltOJPZpnb17yoNc9BSoVuV9qlaIXJiPNOpsfq4ByFajSArNQ==}

  chessops@0.15.0:
    resolution: {integrity: sha512-4Ps0O8/UO09tDGbze1mMilUSMZjVYMFtQvrhlCQV385cO0BgdUPUZsq/r1Qrf6UQ4J0i7XcMbRRvFRKu+Ith1w==}

  ms@3.0.0-canary.202508261828:
    resolution: {integrity: sha512-NotsCoUCIUkojWCzQff4ttdCfIPoA1UGZsyQbi7KmqkNRfKCrvga8JJi2PknHymHOuor0cJSn/ylj52Cbt2IrQ==}
    engines: {node: '>=18'}

  openapi-fetch@0.17.0:
    resolution: {integrity: sha512-PsbZR1wAPcG91eEthKhN+Zn92FMHxv+/faECIwjXdxfTODGSGegYv0sc1Olz+HYPvKOuoXfp+0pA2XVt2cI0Ig==}

  openapi-typescript-helpers@0.1.0:
    resolution: {integrity: sha512-OKTGPthhivLw/fHz6c3OPtg72vi86qaMlqbJuVJ23qOvQ+53uw1n7HdmkJFibloF7QEjDrDkzJiOJuockM/ljw==}

  prettier@3.8.1:
    resolution: {integrity: sha512-UOnG6LftzbdaHZcKoPFtOcCKztrQ57WkHDeRD9t/PTQtmT0NHSeWWepj6pS0z/N7+08BHFDQVUrfmfMRcZwbMg==}
    engines: {node: '>=14'}
    hasBin: true

  typescript@5.9.3:
    resolution: {integrity: sha512-jl1vZzPDinLr9eUt3J/t7V6FgNEw9QjvBPdysz9KfQDD41fQrC2Y4vKQdiaUpFT4bXlb1RHhLpp8wtm6M5TgSw==}
    engines: {node: '>=14.17'}
    hasBin: true

  undici-types@7.16.0:
    resolution: {integrity: sha512-Zz+aZWSj8LE6zoxD+xrjh4VfkIG8Ya6LvYkZqtUQGJPZjYl53ypCaUwWqo7eI0x66KBGeRo+mlBEkMSeSZ38Nw==}

snapshots:

  '@badrap/result@0.3.1': {}

  '@lichess-org/types@2.0.120': {}

  '@types/node@24.10.11':
    dependencies:
      undici-types: 7.16.0

  chessops@0.15.0:
    dependencies:
      '@badrap/result': 0.3.1

  ms@3.0.0-canary.202508261828: {}

  openapi-fetch@0.17.0:
    dependencies:
      openapi-typescript-helpers: 0.1.0

  openapi-typescript-helpers@0.1.0: {}

  prettier@3.8.1: {}

  typescript@5.9.3: {}

  undici-types@7.16.0: {}
