lockfileVersion: '9.0'

settings:
  autoInstallPeers: true
  excludeLinksFromLockfile: false

importers:

  .:
    dependencies:
      '@lichess-org/types':
        specifier: ^2.0.109
        version: 2.0.111
      '@types/node':
        specifier: ~24.10.4
        version: 24.10.10
      ms:
        specifier: 3.0.0-canary.202508261828
        version: 3.0.0-canary.202508261828
      openapi-fetch:
        specifier: ^0.15.0
        version: 0.15.0
    devDependencies:
      prettier:
        specifier: 3.7.4
        version: 3.7.4
      typescript:
        specifier: ^5.9.3
        version: 5.9.3

packages:

  '@lichess-org/types@2.0.111':
    resolution: {integrity: sha512-clHJBsvkpNGzlotIAOZw3HNuH9VDKN+4Nie1tlcJGtJTYADoPyypTh47Ta72wdFMKaHnys4cr2RcaUjzdA0Vhw==}

  '@types/node@24.10.10':
    resolution: {integrity: sha512-+0/4J266CBGPUq/ELg7QUHhN25WYjE0wYTPSQJn1xeu8DOlIOPxXxrNGiLmfAWl7HMMgWFWXpt9IDjMWrF5Iow==}

  ms@3.0.0-canary.202508261828:
    resolution: {integrity: sha512-NotsCoUCIUkojWCzQff4ttdCfIPoA1UGZsyQbi7KmqkNRfKCrvga8JJi2PknHymHOuor0cJSn/ylj52Cbt2IrQ==}
    engines: {node: '>=18'}

  openapi-fetch@0.15.0:
    resolution: {integrity: sha512-OjQUdi61WO4HYhr9+byCPMj0+bgste/LtSBEcV6FzDdONTs7x0fWn8/ndoYwzqCsKWIxEZwo4FN/TG1c1rI8IQ==}

  openapi-typescript-helpers@0.0.15:
    resolution: {integrity: sha512-opyTPaunsklCBpTK8JGef6mfPhLSnyy5a0IN9vKtx3+4aExf+KxEqYwIy3hqkedXIB97u357uLMJsOnm3GVjsw==}

  prettier@3.7.4:
    resolution: {integrity: sha512-v6UNi1+3hSlVvv8fSaoUbggEM5VErKmmpGA7Pl3HF8V6uKY7rvClBOJlH6yNwQtfTueNkGVpOv/mtWL9L4bgRA==}
    engines: {node: '>=14'}
    hasBin: true

  typescript@5.9.3:
    resolution: {integrity: sha512-jl1vZzPDinLr9eUt3J/t7V6FgNEw9QjvBPdysz9KfQDD41fQrC2Y4vKQdiaUpFT4bXlb1RHhLpp8wtm6M5TgSw==}
    engines: {node: '>=14.17'}
    hasBin: true

  undici-types@7.16.0:
    resolution: {integrity: sha512-Zz+aZWSj8LE6zoxD+xrjh4VfkIG8Ya6LvYkZqtUQGJPZjYl53ypCaUwWqo7eI0x66KBGeRo+mlBEkMSeSZ38Nw==}

snapshots:

  '@lichess-org/types@2.0.111': {}

  '@types/node@24.10.10':
    dependencies:
      undici-types: 7.16.0

  ms@3.0.0-canary.202508261828: {}

  openapi-fetch@0.15.0:
    dependencies:
      openapi-typescript-helpers: 0.0.15

  openapi-typescript-helpers@0.0.15: {}

  prettier@3.7.4: {}

  typescript@5.9.3: {}

  undici-types@7.16.0: {}
